
Microsoft Visual Studio Solution File, Format Version 12.00
# Visual Studio 15
VisualStudioVersion = 15.0.27703.2018
MinimumVisualStudioVersion = 10.0.40219.1
Project("{9A19103F-16F7-4668-BE54-9A1E7A4F7556}") = "synopackage_dotnet", "src\synopackage_dotnet\synopackage_dotnet.csproj", "{E33A3E9E-3A19-43E6-8E96-26248DFEBAED}"
EndProject
Project("{E53339B2-1760-4266-BCC7-CA923CBCF16C}") = "docker-compose", "docker-compose.dcproj", "{3227CD73-E6FD-4E31-A1E5-750BD3D316DA}"
EndProject
Global
	GlobalSection(SolutionConfigurationPlatforms) = preSolution
		Debug|Any CPU = Debug|Any CPU
		Release|Any CPU = Release|Any CPU
	EndGlobalSection
	GlobalSection(ProjectConfigurationPlatforms) = postSolution
		{E33A3E9E-3A19-43E6-8E96-26248DFEBAED}.Debug|Any CPU.ActiveCfg = Debug|Any CPU
		{E33A3E9E-3A19-43E6-8E96-26248DFEBAED}.Debug|Any CPU.Build.0 = Debug|Any CPU
		{E33A3E9E-3A19-43E6-8E96-26248DFEBAED}.Release|Any CPU.ActiveCfg = Release|Any CPU
		{E33A3E9E-3A19-43E6-8E96-26248DFEBAED}.Release|Any CPU.Build.0 = Release|Any CPU
		{3227CD73-E6FD-4E31-A1E5-750BD3D316DA}.Debug|Any CPU.ActiveCfg = Debug|Any CPU
		{3227CD73-E6FD-4E31-A1E5-750BD3D316DA}.Debug|Any CPU.Build.0 = Debug|Any CPU
		{3227CD73-E6FD-4E31-A1E5-750BD3D316DA}.Release|Any CPU.ActiveCfg = Release|Any CPU
		{3227CD73-E6FD-4E31-A1E5-750BD3D316DA}.Release|Any CPU.Build.0 = Release|Any CPU
	EndGlobalSection
	GlobalSection(SolutionProperties) = preSolution
		HideSolutionNode = FALSE
	EndGlobalSection
	GlobalSection(ExtensibilityGlobals) = postSolution
		SolutionGuid = {C2A2D4E4-DF30-4F46-A62E-AB843C1EB6C8}
	EndGlobalSection
EndGlobal
