
Microsoft Visual Studio Solution File, Format Version 12.00
# Visual Studio Version 16
VisualStudioVersion = 16.0.29613.14
MinimumVisualStudioVersion = 10.0.40219.1
Project("{9A19103F-16F7-4668-BE54-9A1E7A4F7556}") = "synopackage_dotnet", "synopackage_dotnet.web\synopackage_dotnet.csproj", "{99F653EE-F8B1-46A7-BDF9-AB6DD09AF253}"
EndProject
Project("{9A19103F-16F7-4668-BE54-9A1E7A4F7556}") = "synopackage_dotnet.model", "synopackage_dotnet.model\synopackage_dotnet.model.csproj", "{9D19C1D6-CE8A-4094-B69F-9484B482F951}"
EndProject
Global
	GlobalSection(SolutionConfigurationPlatforms) = preSolution
		Debug|Any CPU = Debug|Any CPU
		Release|Any CPU = Release|Any CPU
	EndGlobalSection
	GlobalSection(ProjectConfigurationPlatforms) = postSolution
		{99F653EE-F8B1-46A7-BDF9-AB6DD09AF253}.Debug|Any CPU.ActiveCfg = Debug|Any CPU
		{99F653EE-F8B1-46A7-BDF9-AB6DD09AF253}.Debug|Any CPU.Build.0 = Debug|Any CPU
		{99F653EE-F8B1-46A7-BDF9-AB6DD09AF253}.Release|Any CPU.ActiveCfg = Release|Any CPU
		{99F653EE-F8B1-46A7-BDF9-AB6DD09AF253}.Release|Any CPU.Build.0 = Release|Any CPU
		{9D19C1D6-CE8A-4094-B69F-9484B482F951}.Debug|Any CPU.ActiveCfg = Debug|Any CPU
		{9D19C1D6-CE8A-4094-B69F-9484B482F951}.Debug|Any CPU.Build.0 = Debug|Any CPU
		{9D19C1D6-CE8A-4094-B69F-9484B482F951}.Release|Any CPU.ActiveCfg = Release|Any CPU
		{9D19C1D6-CE8A-4094-B69F-9484B482F951}.Release|Any CPU.Build.0 = Release|Any CPU
	EndGlobalSection
	GlobalSection(SolutionProperties) = preSolution
		HideSolutionNode = FALSE
	EndGlobalSection
	GlobalSection(ExtensibilityGlobals) = postSolution
		SolutionGuid = {C2A2D4E4-DF30-4F46-A62E-AB843C1EB6C8}
	EndGlobalSection
EndGlobal
